
Microsoft Visual Studio Solution File, Format Version 12.00
# Visual Studio 15
VisualStudioVersion = 15.0.27703.2018
MinimumVisualStudioVersion = 10.0.40219.1
Project("{FAE04EC0-301F-11D3-BF4B-00C04F79EFBC}") = "ShatranjMain", "ShatranjMain\ShatranjMain.csproj", "{2C976D17-0E7C-4E05-8D5A-DF2C2EF90035}"
EndProject
Project("{FAE04EC0-301F-11D3-BF4B-00C04F79EFBC}") = "ShatranjCMD", "ShatranjCMD\ShatranjCMD.csproj", "{CFADC57B-7AFA-489A-BEA0-4746AD7D549B}"
EndProject
Project("{FAE04EC0-301F-11D3-BF4B-00C04F79EFBC}") = "ShatranjCore", "ShatranjCore\ShatranjCore.csproj", "{5454176B-2368-43DC-9F55-0E8A7FF2D47B}"
EndProject
Project("{FAE04EC0-301F-11D3-BF4B-00C04F79EFBC}") = "ShatranjCore.Tests", "tests\ShatranjCore.Tests\ShatranjCore.Tests.csproj", "{8B9E5A1C-3D4F-4A2B-9C7E-1F2A3B4C5D6E}"
EndProject
Global
	GlobalSection(SolutionConfigurationPlatforms) = preSolution
		Debug|Any CPU = Debug|Any CPU
		Release|Any CPU = Release|Any CPU
	EndGlobalSection
	GlobalSection(ProjectConfigurationPlatforms) = postSolution
		{2C976D17-0E7C-4E05-8D5A-DF2C2EF90035}.Debug|Any CPU.ActiveCfg = Debug|Any CPU
		{2C976D17-0E7C-4E05-8D5A-DF2C2EF90035}.Debug|Any CPU.Build.0 = Debug|Any CPU
		{2C976D17-0E7C-4E05-8D5A-DF2C2EF90035}.Release|Any CPU.ActiveCfg = Release|Any CPU
		{2C976D17-0E7C-4E05-8D5A-DF2C2EF90035}.Release|Any CPU.Build.0 = Release|Any CPU
		{CFADC57B-7AFA-489A-BEA0-4746AD7D549B}.Debug|Any CPU.ActiveCfg = Debug|Any CPU
		{CFADC57B-7AFA-489A-BEA0-4746AD7D549B}.Debug|Any CPU.Build.0 = Debug|Any CPU
		{CFADC57B-7AFA-489A-BEA0-4746AD7D549B}.Release|Any CPU.ActiveCfg = Release|Any CPU
		{CFADC57B-7AFA-489A-BEA0-4746AD7D549B}.Release|Any CPU.Build.0 = Release|Any CPU
		{5454176B-2368-43DC-9F55-0E8A7FF2D47B}.Debug|Any CPU.ActiveCfg = Debug|Any CPU
		{5454176B-2368-43DC-9F55-0E8A7FF2D47B}.Debug|Any CPU.Build.0 = Debug|Any CPU
		{5454176B-2368-43DC-9F55-0E8A7FF2D47B}.Release|Any CPU.ActiveCfg = Release|Any CPU
		{5454176B-2368-43DC-9F55-0E8A7FF2D47B}.Release|Any CPU.Build.0 = Release|Any CPU
		{8B9E5A1C-3D4F-4A2B-9C7E-1F2A3B4C5D6E}.Debug|Any CPU.ActiveCfg = Debug|Any CPU
		{8B9E5A1C-3D4F-4A2B-9C7E-1F2A3B4C5D6E}.Debug|Any CPU.Build.0 = Debug|Any CPU
		{8B9E5A1C-3D4F-4A2B-9C7E-1F2A3B4C5D6E}.Release|Any CPU.ActiveCfg = Release|Any CPU
		{8B9E5A1C-3D4F-4A2B-9C7E-1F2A3B4C5D6E}.Release|Any CPU.Build.0 = Release|Any CPU
	EndGlobalSection
	GlobalSection(SolutionProperties) = preSolution
		HideSolutionNode = FALSE
	EndGlobalSection
	GlobalSection(ExtensibilityGlobals) = postSolution
		SolutionGuid = {05AC7661-BFA9-4208-AE4F-A358FEDCFCC5}
	EndGlobalSection
EndGlobal
